
Microsoft Visual Studio Solution File, Format Version 12.00
# Visual Studio Version 17
VisualStudioVersion = 17.11.35327.3
MinimumVisualStudioVersion = 10.0.40219.1
Project("{FAE04EC0-301F-11D3-BF4B-00C04F79EFBC}") = "Final Project (Calculator)", "Final Project (Calculator).csproj", "{1538821A-E35F-4AC3-BAFE-AEF4C7175DB6}"
EndProject
Global
	GlobalSection(SolutionConfigurationPlatforms) = preSolution
		Debug|Any CPU = Debug|Any CPU
		Release|Any CPU = Release|Any CPU
	EndGlobalSection
	GlobalSection(ProjectConfigurationPlatforms) = postSolution
		{1538821A-E35F-4AC3-BAFE-AEF4C7175DB6}.Debug|Any CPU.ActiveCfg = Debug|Any CPU
		{1538821A-E35F-4AC3-BAFE-AEF4C7175DB6}.Debug|Any CPU.Build.0 = Debug|Any CPU
		{1538821A-E35F-4AC3-BAFE-AEF4C7175DB6}.Release|Any CPU.ActiveCfg = Release|Any CPU
		{1538821A-E35F-4AC3-BAFE-AEF4C7175DB6}.Release|Any CPU.Build.0 = Release|Any CPU
	EndGlobalSection
	GlobalSection(SolutionProperties) = preSolution
		HideSolutionNode = FALSE
	EndGlobalSection
	GlobalSection(ExtensibilityGlobals) = postSolution
		SolutionGuid = {6DCE02DD-B6F4-4A5A-9DE9-5762CE261545}
	EndGlobalSection
EndGlobal
